# This file was autogenerated by Stack.
# You should not edit this file by hand.
# For more information, please see the documentation at:
#   https://docs.haskellstack.org/en/stable/lock_files

packages:
- completed:
    hackage: dhall-1.30.0@sha256:38d6c37fda7fc5d32bd90cd6172efe25a4eb7c9949c0ce015a4be500c7825fdd,32875
    pantry-tree:
      size: 248056
      sha256: 04ab967ef886c3cbf95cef574d8e906a81be3cb56ca192921ea280aaf1fa0f42
  original:
    hackage: dhall-1.30.0@sha256:38d6c37fda7fc5d32bd90cd6172efe25a4eb7c9949c0ce015a4be500c7825fdd,32875
- completed:
    hackage: dhall-json-1.6.2@sha256:e4e7a56ada027ee6aa901a759dee46a5076eaa6c401ef9efbf4a7ee8014ad9ae,4087
    pantry-tree:
      size: 3990
      sha256: 80804b22821d93d98499c2a4aef854d2b8cde178ffa20a369d310fe7bff5090a
  original:
    hackage: dhall-json-1.6.2@sha256:e4e7a56ada027ee6aa901a759dee46a5076eaa6c401ef9efbf4a7ee8014ad9ae,4087
- completed:
    hackage: aeson-yaml-1.0.5.0@sha256:5786f021c1e088d6a5aa259120ec5b1f22bb1757f4427c1a87e0513d00f17f31,1975
    pantry-tree:
      size: 450
      sha256: abc06de688cab0956ed76bfb88e8c845158d2f3debf9812cb002d9f4db5d3695
  original:
    hackage: aeson-yaml-1.0.5.0@sha256:5786f021c1e088d6a5aa259120ec5b1f22bb1757f4427c1a87e0513d00f17f31,1975
- completed:
    hackage: prettyprinter-1.6.1@sha256:11876ec94a79048e1d2942a99bfaa6f2be5222eafeedac6a9545673a79465009,5459
    pantry-tree:
      size: 2194
      sha256: b8ddc48e267da0bc8da3082929b478df80c3c986865394f93e7bc7631c0031cf
  original:
    hackage: prettyprinter-1.6.1@sha256:11876ec94a79048e1d2942a99bfaa6f2be5222eafeedac6a9545673a79465009,5459
snapshots:
- completed:
    size: 524996
    url: https://raw.githubusercontent.com/commercialhaskell/stackage-snapshots/master/lts/14/27.yaml
    sha256: 7ea31a280c56bf36ff591a7397cc384d0dff622e7f9e4225b47d8980f019a0f0
  original: lts-14.27
